
Microsoft Visual Studio Solution File, Format Version 12.00
# Visual Studio Version 16
VisualStudioVersion = 16.0.30717.126
MinimumVisualStudioVersion = 10.0.40219.1
Project("{FAE04EC0-301F-11D3-BF4B-00C04F79EFBC}") = "DapperInMVC", "DapperInMVC\DapperInMVC.csproj", "{098CFD06-A35B-41F4-B947-DA13B9D69B40}"
EndProject
Global
	GlobalSection(SolutionConfigurationPlatforms) = preSolution
		Debug|Any CPU = Debug|Any CPU
		Release|Any CPU = Release|Any CPU
	EndGlobalSection
	GlobalSection(ProjectConfigurationPlatforms) = postSolution
		{098CFD06-A35B-41F4-B947-DA13B9D69B40}.Debug|Any CPU.ActiveCfg = Debug|Any CPU
		{098CFD06-A35B-41F4-B947-DA13B9D69B40}.Debug|Any CPU.Build.0 = Debug|Any CPU
		{098CFD06-A35B-41F4-B947-DA13B9D69B40}.Release|Any CPU.ActiveCfg = Release|Any CPU
		{098CFD06-A35B-41F4-B947-DA13B9D69B40}.Release|Any CPU.Build.0 = Release|Any CPU
	EndGlobalSection
	GlobalSection(SolutionProperties) = preSolution
		HideSolutionNode = FALSE
	EndGlobalSection
	GlobalSection(ExtensibilityGlobals) = postSolution
		SolutionGuid = {80681EFA-9715-43D3-B68B-A66A74416FC2}
	EndGlobalSection
EndGlobal
